
Microsoft Visual Studio Solution File, Format Version 12.00
# Visual Studio Version 16
VisualStudioVersion = 25.0.1705.6
MinimumVisualStudioVersion = 10.0.40219.1
Project("{FAE04EC0-301F-11D3-BF4B-00C04F79EFBC}") = "BattleCardGame", "BattleCardGame\BattleCardGame.csproj", "{8036BC21-FEE8-4529-B6F5-FE8F986876BB}"
EndProject
Global
	GlobalSection(SolutionConfigurationPlatforms) = preSolution
		Debug|Any CPU = Debug|Any CPU
		Release|Any CPU = Release|Any CPU
	EndGlobalSection
	GlobalSection(ProjectConfigurationPlatforms) = postSolution
		{8036BC21-FEE8-4529-B6F5-FE8F986876BB}.Debug|Any CPU.ActiveCfg = Debug|Any CPU
		{8036BC21-FEE8-4529-B6F5-FE8F986876BB}.Debug|Any CPU.Build.0 = Debug|Any CPU
		{8036BC21-FEE8-4529-B6F5-FE8F986876BB}.Release|Any CPU.ActiveCfg = Release|Any CPU
		{8036BC21-FEE8-4529-B6F5-FE8F986876BB}.Release|Any CPU.Build.0 = Release|Any CPU
	EndGlobalSection
	GlobalSection(SolutionProperties) = preSolution
		HideSolutionNode = FALSE
	EndGlobalSection
	GlobalSection(ExtensibilityGlobals) = postSolution
		SolutionGuid = {F7058511-5564-40A6-AE7B-54D30CF08FDA}
	EndGlobalSection
EndGlobal
